{
  "name": "mile-portfolio",
  "lockfileVersion": 2,
  "requires": true,
  "packages": {
    "": {
      "devDependencies": {
        "counterup2": "^2.0.2"
      }
    },
    "node_modules/counterup2": {
      "version": "2.0.2",
      "resolved": "https://registry.npmjs.org/counterup2/-/counterup2-2.0.2.tgz",
      "integrity": "sha512-+drmqOOcOa17KJG9o5+wGuEgLVh4wdb2pkpGlCu3MtQ2idB73V8yJEb8WyINZ1+Fjy7dLiWKa0wihvYzk/n32A==",
      "dev": true
    }
  },
  "dependencies": {
    "counterup2": {
      "version": "2.0.2",
      "resolved": "https://registry.npmjs.org/counterup2/-/counterup2-2.0.2.tgz",
      "integrity": "sha512-+drmqOOcOa17KJG9o5+wGuEgLVh4wdb2pkpGlCu3MtQ2idB73V8yJEb8WyINZ1+Fjy7dLiWKa0wihvYzk/n32A==",
      "dev": true
    }
  }
}
